// !$*UTF8*$!
{
	archiveVersion = 1;
	classes = {
	};
	objectVersion = 50;
	objects = {

/* Begin PBXBuildFile section */
		5A1455D4211F8B16000DE499 /* AppDelegate.swift in Sources */ = {isa = PBXBuildFile; fileRef = 5A1455D3211F8B16000DE499 /* AppDelegate.swift */; };
		5A1455D9211F8B16000DE499 /* Main.storyboard in Resources */ = {isa = PBXBuildFile; fileRef = 5A1455D7211F8B16000DE499 /* Main.storyboard */; };
		5A1455DB211F8B18000DE499 /* Assets.xcassets in Resources */ = {isa = PBXBuildFile; fileRef = 5A1455DA211F8B18000DE499 /* Assets.xcassets */; };
		5A1455DE211F8B18000DE499 /* LaunchScreen.storyboard in Resources */ = {isa = PBXBuildFile; fileRef = 5A1455DC211F8B18000DE499 /* LaunchScreen.storyboard */; };
		5A1455E7211F8C88000DE499 /* LoginController.swift in Sources */ = {isa = PBXBuildFile; fileRef = 5A1455E6211F8C88000DE499 /* LoginController.swift */; };
		5A1455E9211F97D5000DE499 /* GoogleService-Info.plist in Resources */ = {isa = PBXBuildFile; fileRef = 5A1455E8211F97D5000DE499 /* GoogleService-Info.plist */; };
		5A1455EB21209DF2000DE499 /* NewMessageController.swift in Sources */ = {isa = PBXBuildFile; fileRef = 5A1455EA21209DF2000DE499 /* NewMessageController.swift */; };
		5A1455EE21209FB5000DE499 /* User.swift in Sources */ = {isa = PBXBuildFile; fileRef = 5A1455ED21209FB5000DE499 /* User.swift */; };
		5A1455F02120A720000DE499 /* LoginController-handlers.swift in Sources */ = {isa = PBXBuildFile; fileRef = 5A1455EF2120A720000DE499 /* LoginController-handlers.swift */; };
		5A1455F32120C476000DE499 /* Extensions.swift in Sources */ = {isa = PBXBuildFile; fileRef = 5A1455F22120C476000DE499 /* Extensions.swift */; };
		5A1455F52121C33B000DE499 /* ChatLogController.swift in Sources */ = {isa = PBXBuildFile; fileRef = 5A1455F42121C33A000DE499 /* ChatLogController.swift */; };
		5A1455F721224B91000DE499 /* MessagesController.swift in Sources */ = {isa = PBXBuildFile; fileRef = 5A1455F621224B91000DE499 /* MessagesController.swift */; };
		5A1455F921224F4A000DE499 /* Message.swift in Sources */ = {isa = PBXBuildFile; fileRef = 5A1455F821224F4A000DE499 /* Message.swift */; };
		5A1455FC21225CF4000DE499 /* UserCell.swift in Sources */ = {isa = PBXBuildFile; fileRef = 5A1455FB21225CF4000DE499 /* UserCell.swift */; };
		5AA24BF32124926600016D63 /* ChatMessageCell.swift in Sources */ = {isa = PBXBuildFile; fileRef = 5AA24BF22124926600016D63 /* ChatMessageCell.swift */; };
		D99A87AE2FFA1351D6B7D3C2 /* Pods_ChatRoom.framework in Frameworks */ = {isa = PBXBuildFile; fileRef = B39BFA92CCA1AB4558DD210D /* Pods_ChatRoom.framework */; };
/* End PBXBuildFile section */

/* Begin PBXFileReference section */
		5A1455D0211F8B16000DE499 /* ChatRoom.app */ = {isa = PBXFileReference; explicitFileType = wrapper.application; includeInIndex = 0; path = ChatRoom.app; sourceTree = BUILT_PRODUCTS_DIR; };
		5A1455D3211F8B16000DE499 /* AppDelegate.swift */ = {isa = PBXFileReference; lastKnownFileType = sourcecode.swift; path = AppDelegate.swift; sourceTree = "<group>"; };
		5A1455D8211F8B16000DE499 /* Base */ = {isa = PBXFileReference; lastKnownFileType = file.storyboard; name = Base; path = Base.lproj/Main.storyboard; sourceTree = "<group>"; };
		5A1455DA211F8B18000DE499 /* Assets.xcassets */ = {isa = PBXFileReference; lastKnownFileType = folder.assetcatalog; path = Assets.xcassets; sourceTree = "<group>"; };
		5A1455DD211F8B18000DE499 /* Base */ = {isa = PBXFileReference; lastKnownFileType = file.storyboard; name = Base; path = Base.lproj/LaunchScreen.storyboard; sourceTree = "<group>"; };
		5A1455DF211F8B18000DE499 /* Info.plist */ = {isa = PBXFileReference; lastKnownFileType = text.plist.xml; path = Info.plist; sourceTree = "<group>"; };
		5A1455E6211F8C88000DE499 /* LoginController.swift */ = {isa = PBXFileReference; lastKnownFileType = sourcecode.swift; path = LoginController.swift; sourceTree = "<group>"; };
		5A1455E8211F97D5000DE499 /* GoogleService-Info.plist */ = {isa = PBXFileReference; fileEncoding = 4; lastKnownFileType = text.plist.xml; path = "GoogleService-Info.plist"; sourceTree = "<group>"; };
		5A1455EA21209DF2000DE499 /* NewMessageController.swift */ = {isa = PBXFileReference; lastKnownFileType = sourcecode.swift; path = NewMessageController.swift; sourceTree = "<group>"; };
		5A1455ED21209FB5000DE499 /* User.swift */ = {isa = PBXFileReference; lastKnownFileType = sourcecode.swift; path = User.swift; sourceTree = "<group>"; };
		5A1455EF2120A720000DE499 /* LoginController-handlers.swift */ = {isa = PBXFileReference; lastKnownFileType = sourcecode.swift; path = "LoginController-handlers.swift"; sourceTree = "<group>"; };
		5A1455F22120C476000DE499 /* Extensions.swift */ = {isa = PBXFileReference; lastKnownFileType = sourcecode.swift; path = Extensions.swift; sourceTree = "<group>"; };
		5A1455F42121C33A000DE499 /* ChatLogController.swift */ = {isa = PBXFileReference; lastKnownFileType = sourcecode.swift; path = ChatLogController.swift; sourceTree = "<group>"; };
		5A1455F621224B91000DE499 /* MessagesController.swift */ = {isa = PBXFileReference; lastKnownFileType = sourcecode.swift; path = MessagesController.swift; sourceTree = "<group>"; };
		5A1455F821224F4A000DE499 /* Message.swift */ = {isa = PBXFileReference; lastKnownFileType = sourcecode.swift; path = Message.swift; sourceTree = "<group>"; };
		5A1455FB21225CF4000DE499 /* UserCell.swift */ = {isa = PBXFileReference; lastKnownFileType = sourcecode.swift; path = UserCell.swift; sourceTree = "<group>"; };
		5A2EB946F4D8D6C3E067B7F6 /* Pods-ChatRoom.release.xcconfig */ = {isa = PBXFileReference; includeInIndex = 1; lastKnownFileType = text.xcconfig; name = "Pods-ChatRoom.release.xcconfig"; path = "Pods/Target Support Files/Pods-ChatRoom/Pods-ChatRoom.release.xcconfig"; sourceTree = "<group>"; };
		5AA24BF22124926600016D63 /* ChatMessageCell.swift */ = {isa = PBXFileReference; lastKnownFileType = sourcecode.swift; path = ChatMessageCell.swift; sourceTree = "<group>"; };
		A3B3C26BB49B9012E52F05D3 /* Pods-ChatRoom.debug.xcconfig */ = {isa = PBXFileReference; includeInIndex = 1; lastKnownFileType = text.xcconfig; name = "Pods-ChatRoom.debug.xcconfig"; path = "Pods/Target Support Files/Pods-ChatRoom/Pods-ChatRoom.debug.xcconfig"; sourceTree = "<group>"; };
		B39BFA92CCA1AB4558DD210D /* Pods_ChatRoom.framework */ = {isa = PBXFileReference; explicitFileType = wrapper.framework; includeInIndex = 0; path = Pods_ChatRoom.framework; sourceTree = BUILT_PRODUCTS_DIR; };
/* End PBXFileReference section */

/* Begin PBXFrameworksBuildPhase section */
		5A1455CD211F8B16000DE499 /* Frameworks */ = {
			isa = PBXFrameworksBuildPhase;
			buildActionMask = 2147483647;
			files = (
				D99A87AE2FFA1351D6B7D3C2 /* Pods_ChatRoom.framework in Frameworks */,
			);
			runOnlyForDeploymentPostprocessing = 0;
		};
/* End PBXFrameworksBuildPhase section */

/* Begin PBXGroup section */
		5A1455C7211F8B16000DE499 = {
			isa = PBXGroup;
			children = (
				5A1455D2211F8B16000DE499 /* ChatRoom */,
				5A1455D1211F8B16000DE499 /* Products */,
				9C114381ED47ED5B7DC8AA6A /* Pods */,
				D8F8BB87F3AAA8C9620250CA /* Frameworks */,
			);
			sourceTree = "<group>";
		};
		5A1455D1211F8B16000DE499 /* Products */ = {
			isa = PBXGroup;
			children = (
				5A1455D0211F8B16000DE499 /* ChatRoom.app */,
			);
			name = Products;
			sourceTree = "<group>";
		};
		5A1455D2211F8B16000DE499 /* ChatRoom */ = {
			isa = PBXGroup;
			children = (
				5A1455FA21225CD7000DE499 /* View */,
				5A1455F12120C466000DE499 /* Helpers */,
				5A1455EC21209FA8000DE499 /* Model */,
				5A1455E5211F8C5A000DE499 /* Controller */,
				5A1455D3211F8B16000DE499 /* AppDelegate.swift */,
				5A1455D7211F8B16000DE499 /* Main.storyboard */,
				5A1455DA211F8B18000DE499 /* Assets.xcassets */,
				5A1455DC211F8B18000DE499 /* LaunchScreen.storyboard */,
				5A1455E8211F97D5000DE499 /* GoogleService-Info.plist */,
				5A1455DF211F8B18000DE499 /* Info.plist */,
			);
			path = ChatRoom;
			sourceTree = "<group>";
		};
		5A1455E5211F8C5A000DE499 /* Controller */ = {
			isa = PBXGroup;
			children = (
				5A1455E6211F8C88000DE499 /* LoginController.swift */,
				5A1455EA21209DF2000DE499 /* NewMessageController.swift */,
				5A1455EF2120A720000DE499 /* LoginController-handlers.swift */,
				5A1455F42121C33A000DE499 /* ChatLogController.swift */,
				5A1455F621224B91000DE499 /* MessagesController.swift */,
			);
			path = Controller;
			sourceTree = "<group>";
		};
		5A1455EC21209FA8000DE499 /* Model */ = {
			isa = PBXGroup;
			children = (
				5A1455ED21209FB5000DE499 /* User.swift */,
				5A1455F821224F4A000DE499 /* Message.swift */,
			);
			path = Model;
			sourceTree = "<group>";
		};
		5A1455F12120C466000DE499 /* Helpers */ = {
			isa = PBXGroup;
			children = (
				5A1455F22120C476000DE499 /* Extensions.swift */,
			);
			path = Helpers;
			sourceTree = "<group>";
		};
		5A1455FA21225CD7000DE499 /* View */ = {
			isa = PBXGroup;
			children = (
				5A1455FB21225CF4000DE499 /* UserCell.swift */,
				5AA24BF22124926600016D63 /* ChatMessageCell.swift */,
			);
			path = View;
			sourceTree = "<group>";
		};
		9C114381ED47ED5B7DC8AA6A /* Pods */ = {
			isa = PBXGroup;
			children = (
				A3B3C26BB49B9012E52F05D3 /* Pods-ChatRoom.debug.xcconfig */,
				5A2EB946F4D8D6C3E067B7F6 /* Pods-ChatRoom.release.xcconfig */,
			);
			name = Pods;
			sourceTree = "<group>";
		};
		D8F8BB87F3AAA8C9620250CA /* Frameworks */ = {
			isa = PBXGroup;
			children = (
				B39BFA92CCA1AB4558DD210D /* Pods_ChatRoom.framework */,
			);
			name = Frameworks;
			sourceTree = "<group>";
		};
/* End PBXGroup section */

/* Begin PBXNativeTarget section */
		5A1455CF211F8B16000DE499 /* ChatRoom */ = {
			isa = PBXNativeTarget;
			buildConfigurationList = 5A1455E2211F8B18000DE499 /* Build configuration list for PBXNativeTarget "ChatRoom" */;
			buildPhases = (
				3B593F7E69732E0005E7A96B /* [CP] Check Pods Manifest.lock */,
				5A1455CC211F8B16000DE499 /* Sources */,
				5A1455CD211F8B16000DE499 /* Frameworks */,
				5A1455CE211F8B16000DE499 /* Resources */,
				934C570F71F8EE1AED7F13BD /* [CP] Embed Pods Frameworks */,
			);
			buildRules = (
			);
			dependencies = (
			);
			name = ChatRoom;
			productName = ChatRoom;
			productReference = 5A1455D0211F8B16000DE499 /* ChatRoom.app */;
			productType = "com.apple.product-type.application";
		};
/* End PBXNativeTarget section */

/* Begin PBXProject section */
		5A1455C8211F8B16000DE499 /* Project object */ = {
			isa = PBXProject;
			attributes = {
				LastSwiftUpdateCheck = 0940;
				LastUpgradeCheck = 0940;
				ORGANIZATIONNAME = "Erman Sahin Tatar";
				TargetAttributes = {
					5A1455CF211F8B16000DE499 = {
						CreatedOnToolsVersion = 9.4.1;
					};
				};
			};
			buildConfigurationList = 5A1455CB211F8B16000DE499 /* Build configuration list for PBXProject "ChatRoom" */;
			compatibilityVersion = "Xcode 9.3";
			developmentRegion = en;
			hasScannedForEncodings = 0;
			knownRegions = (
				en,
				Base,
			);
			mainGroup = 5A1455C7211F8B16000DE499;
			productRefGroup = 5A1455D1211F8B16000DE499 /* Products */;
			projectDirPath = "";
			projectRoot = "";
			targets = (
				5A1455CF211F8B16000DE499 /* ChatRoom */,
			);
		};
/* End PBXProject section */

/* Begin PBXResourcesBuildPhase section */
		5A1455CE211F8B16000DE499 /* Resources */ = {
			isa = PBXResourcesBuildPhase;
			buildActionMask = 2147483647;
			files = (
				5A1455DE211F8B18000DE499 /* LaunchScreen.storyboard in Resources */,
				5A1455E9211F97D5000DE499 /* GoogleService-Info.plist in Resources */,
				5A1455DB211F8B18000DE499 /* Assets.xcassets in Resources */,
				5A1455D9211F8B16000DE499 /* Main.storyboard in Resources */,
			);
			runOnlyForDeploymentPostprocessing = 0;
		};
/* End PBXResourcesBuildPhase section */

/* Begin PBXShellScriptBuildPhase section */
		3B593F7E69732E0005E7A96B /* [CP] Check Pods Manifest.lock */ = {
			isa = PBXShellScriptBuildPhase;
			buildActionMask = 2147483647;
			files = (
			);
			inputPaths = (
				"${PODS_PODFILE_DIR_PATH}/Podfile.lock",
				"${PODS_ROOT}/Manifest.lock",
			);
			name = "[CP] Check Pods Manifest.lock";
			outputPaths = (
				"$(DERIVED_FILE_DIR)/Pods-ChatRoom-checkManifestLockResult.txt",
			);
			runOnlyForDeploymentPostprocessing = 0;
			shellPath = /bin/sh;
			shellScript = "diff \"${PODS_PODFILE_DIR_PATH}/Podfile.lock\" \"${PODS_ROOT}/Manifest.lock\" > /dev/null\nif [ $? != 0 ] ; then\n    # print error to STDERR\n    echo \"error: The sandbox is not in sync with the Podfile.lock. Run 'pod install' or update your CocoaPods installation.\" >&2\n    exit 1\nfi\n# This output is used by Xcode 'outputs' to avoid re-running this script phase.\necho \"SUCCESS\" > \"${SCRIPT_OUTPUT_FILE_0}\"\n";
			showEnvVarsInLog = 0;
		};
		934C570F71F8EE1AED7F13BD /* [CP] Embed Pods Frameworks */ = {
			isa = PBXShellScriptBuildPhase;
			buildActionMask = 2147483647;
			files = (
			);
			inputPaths = (
				"${SRCROOT}/Pods/Target Support Files/Pods-ChatRoom/Pods-ChatRoom-frameworks.sh",
				"${BUILT_PRODUCTS_DIR}/GTMSessionFetcher/GTMSessionFetcher.framework",
				"${BUILT_PRODUCTS_DIR}/GoogleToolboxForMac/GoogleToolboxForMac.framework",
				"${BUILT_PRODUCTS_DIR}/leveldb-library/leveldb.framework",
				"${BUILT_PRODUCTS_DIR}/nanopb/nanopb.framework",
			);
			name = "[CP] Embed Pods Frameworks";
			outputPaths = (
				"${TARGET_BUILD_DIR}/${FRAMEWORKS_FOLDER_PATH}/GTMSessionFetcher.framework",
				"${TARGET_BUILD_DIR}/${FRAMEWORKS_FOLDER_PATH}/GoogleToolboxForMac.framework",
				"${TARGET_BUILD_DIR}/${FRAMEWORKS_FOLDER_PATH}/leveldb.framework",
				"${TARGET_BUILD_DIR}/${FRAMEWORKS_FOLDER_PATH}/nanopb.framework",
			);
			runOnlyForDeploymentPostprocessing = 0;
			shellPath = /bin/sh;
			shellScript = "\"${SRCROOT}/Pods/Target Support Files/Pods-ChatRoom/Pods-ChatRoom-frameworks.sh\"\n";
			showEnvVarsInLog = 0;
		};
/* End PBXShellScriptBuildPhase section */

/* Begin PBXSourcesBuildPhase section */
		5A1455CC211F8B16000DE499 /* Sources */ = {
			isa = PBXSourcesBuildPhase;
			buildActionMask = 2147483647;
			files = (
				5A1455F52121C33B000DE499 /* ChatLogController.swift in Sources */,
				5A1455F02120A720000DE499 /* LoginController-handlers.swift in Sources */,
				5A1455EB21209DF2000DE499 /* NewMessageController.swift in Sources */,
				5A1455F921224F4A000DE499 /* Message.swift in Sources */,
				5A1455E7211F8C88000DE499 /* LoginController.swift in Sources */,
				5A1455EE21209FB5000DE499 /* User.swift in Sources */,
				5A1455D4211F8B16000DE499 /* AppDelegate.swift in Sources */,
				5AA24BF32124926600016D63 /* ChatMessageCell.swift in Sources */,
				5A1455F32120C476000DE499 /* Extensions.swift in Sources */,
				5A1455FC21225CF4000DE499 /* UserCell.swift in Sources */,
				5A1455F721224B91000DE499 /* MessagesController.swift in Sources */,
			);
			runOnlyForDeploymentPostprocessing = 0;
		};
/* End PBXSourcesBuildPhase section */

/* Begin PBXVariantGroup section */
		5A1455D7211F8B16000DE499 /* Main.storyboard */ = {
			isa = PBXVariantGroup;
			children = (
				5A1455D8211F8B16000DE499 /* Base */,
			);
			name = Main.storyboard;
			sourceTree = "<group>";
		};
		5A1455DC211F8B18000DE499 /* LaunchScreen.storyboard */ = {
			isa = PBXVariantGroup;
			children = (
				5A1455DD211F8B18000DE499 /* Base */,
			);
			name = LaunchScreen.storyboard;
			sourceTree = "<group>";
		};
/* End PBXVariantGroup section */

/* Begin XCBuildConfiguration section */
		5A1455E0211F8B18000DE499 /* Debug */ = {
			isa = XCBuildConfiguration;
			buildSettings = {
				ALWAYS_SEARCH_USER_PATHS = NO;
				CLANG_ANALYZER_NONNULL = YES;
				CLANG_ANALYZER_NUMBER_OBJECT_CONVERSION = YES_AGGRESSIVE;
				CLANG_CXX_LANGUAGE_STANDARD = "gnu++14";
				CLANG_CXX_LIBRARY = "libc++";
				CLANG_ENABLE_MODULES = YES;
				CLANG_ENABLE_OBJC_ARC = YES;
				CLANG_ENABLE_OBJC_WEAK = YES;
				CLANG_WARN_BLOCK_CAPTURE_AUTORELEASING = YES;
				CLANG_WARN_BOOL_CONVERSION = YES;
				CLANG_WARN_COMMA = YES;
				CLANG_WARN_CONSTANT_CONVERSION = YES;
				CLANG_WARN_DEPRECATED_OBJC_IMPLEMENTATIONS = YES;
				CLANG_WARN_DIRECT_OBJC_ISA_USAGE = YES_ERROR;
				CLANG_WARN_DOCUMENTATION_COMMENTS = YES;
				CLANG_WARN_EMPTY_BODY = YES;
				CLANG_WARN_ENUM_CONVERSION = YES;
				CLANG_WARN_INFINITE_RECURSION = YES;
				CLANG_WARN_INT_CONVERSION = YES;
				CLANG_WARN_NON_LITERAL_NULL_CONVERSION = YES;
				CLANG_WARN_OBJC_IMPLICIT_RETAIN_SELF = YES;
				CLANG_WARN_OBJC_LITERAL_CONVERSION = YES;
				CLANG_WARN_OBJC_ROOT_CLASS = YES_ERROR;
				CLANG_WARN_RANGE_LOOP_ANALYSIS = YES;
				CLANG_WARN_STRICT_PROTOTYPES = YES;
				CLANG_WARN_SUSPICIOUS_MOVE = YES;
				CLANG_WARN_UNGUARDED_AVAILABILITY = YES_AGGRESSIVE;
				CLANG_WARN_UNREACHABLE_CODE = YES;
				CLANG_WARN__DUPLICATE_METHOD_MATCH = YES;
				CODE_SIGN_IDENTITY = "iPhone Developer";
				COPY_PHASE_STRIP = NO;
				DEBUG_INFORMATION_FORMAT = dwarf;
				ENABLE_STRICT_OBJC_MSGSEND = YES;
				ENABLE_TESTABILITY = YES;
				GCC_C_LANGUAGE_STANDARD = gnu11;
				GCC_DYNAMIC_NO_PIC = NO;
				GCC_NO_COMMON_BLOCKS = YES;
				GCC_OPTIMIZATION_LEVEL = 0;
				GCC_PREPROCESSOR_DEFINITIONS = (
					"DEBUG=1",
					"$(inherited)",
				);
				GCC_WARN_64_TO_32_BIT_CONVERSION = YES;
				GCC_WARN_ABOUT_RETURN_TYPE = YES_ERROR;
				GCC_WARN_UNDECLARED_SELECTOR = YES;
				GCC_WARN_UNINITIALIZED_AUTOS = YES_AGGRESSIVE;
				GCC_WARN_UNUSED_FUNCTION = YES;
				GCC_WARN_UNUSED_VARIABLE = YES;
				IPHONEOS_DEPLOYMENT_TARGET = 11.4;
				MTL_ENABLE_DEBUG_INFO = YES;
				ONLY_ACTIVE_ARCH = YES;
				SDKROOT = iphoneos;
				SWIFT_ACTIVE_COMPILATION_CONDITIONS = DEBUG;
				SWIFT_OPTIMIZATION_LEVEL = "-Onone";
			};
			name = Debug;
		};
		5A1455E1211F8B18000DE499 /* Release */ = {
			isa = XCBuildConfiguration;
			buildSettings = {
				ALWAYS_SEARCH_USER_PATHS = NO;
				CLANG_ANALYZER_NONNULL = YES;
				CLANG_ANALYZER_NUMBER_OBJECT_CONVERSION = YES_AGGRESSIVE;
				CLANG_CXX_LANGUAGE_STANDARD = "gnu++14";
				CLANG_CXX_LIBRARY = "libc++";
				CLANG_ENABLE_MODULES = YES;
				CLANG_ENABLE_OBJC_ARC = YES;
				CLANG_ENABLE_OBJC_WEAK = YES;
				CLANG_WARN_BLOCK_CAPTURE_AUTORELEASING = YES;
				CLANG_WARN_BOOL_CONVERSION = YES;
				CLANG_WARN_COMMA = YES;
				CLANG_WARN_CONSTANT_CONVERSION = YES;
				CLANG_WARN_DEPRECATED_OBJC_IMPLEMENTATIONS = YES;
				CLANG_WARN_DIRECT_OBJC_ISA_USAGE = YES_ERROR;
				CLANG_WARN_DOCUMENTATION_COMMENTS = YES;
				CLANG_WARN_EMPTY_BODY = YES;
				CLANG_WARN_ENUM_CONVERSION = YES;
				CLANG_WARN_INFINITE_RECURSION = YES;
				CLANG_WARN_INT_CONVERSION = YES;
				CLANG_WARN_NON_LITERAL_NULL_CONVERSION = YES;
				CLANG_WARN_OBJC_IMPLICIT_RETAIN_SELF = YES;
				CLANG_WARN_OBJC_LITERAL_CONVERSION = YES;
				CLANG_WARN_OBJC_ROOT_CLASS = YES_ERROR;
				CLANG_WARN_RANGE_LOOP_ANALYSIS = YES;
				CLANG_WARN_STRICT_PROTOTYPES = YES;
				CLANG_WARN_SUSPICIOUS_MOVE = YES;
				CLANG_WARN_UNGUARDED_AVAILABILITY = YES_AGGRESSIVE;
				CLANG_WARN_UNREACHABLE_CODE = YES;
				CLANG_WARN__DUPLICATE_METHOD_MATCH = YES;
				CODE_SIGN_IDENTITY = "iPhone Developer";
				COPY_PHASE_STRIP = NO;
				DEBUG_INFORMATION_FORMAT = "dwarf-with-dsym";
				ENABLE_NS_ASSERTIONS = NO;
				ENABLE_STRICT_OBJC_MSGSEND = YES;
				GCC_C_LANGUAGE_STANDARD = gnu11;
				GCC_NO_COMMON_BLOCKS = YES;
				GCC_WARN_64_TO_32_BIT_CONVERSION = YES;
				GCC_WARN_ABOUT_RETURN_TYPE = YES_ERROR;
				GCC_WARN_UNDECLARED_SELECTOR = YES;
				GCC_WARN_UNINITIALIZED_AUTOS = YES_AGGRESSIVE;
				GCC_WARN_UNUSED_FUNCTION = YES;
				GCC_WARN_UNUSED_VARIABLE = YES;
				IPHONEOS_DEPLOYMENT_TARGET = 11.4;
				MTL_ENABLE_DEBUG_INFO = NO;
				SDKROOT = iphoneos;
				SWIFT_COMPILATION_MODE = wholemodule;
				SWIFT_OPTIMIZATION_LEVEL = "-O";
				VALIDATE_PRODUCT = YES;
			};
			name = Release;
		};
		5A1455E3211F8B18000DE499 /* Debug */ = {
			isa = XCBuildConfiguration;
			baseConfigurationReference = A3B3C26BB49B9012E52F05D3 /* Pods-ChatRoom.debug.xcconfig */;
			buildSettings = {
				ASSETCATALOG_COMPILER_APPICON_NAME = AppIcon;
				CODE_SIGN_STYLE = Automatic;
				DEVELOPMENT_TEAM = TN7DJ259AU;
				INFOPLIST_FILE = ChatRoom/Info.plist;
				LD_RUNPATH_SEARCH_PATHS = (
					"$(inherited)",
					"@executable_path/Frameworks",
				);
				PRODUCT_BUNDLE_IDENTIFIER = ermansahintatar.ChatRoom;
				PRODUCT_NAME = "$(TARGET_NAME)";
				SWIFT_VERSION = 4.0;
				TARGETED_DEVICE_FAMILY = "1,2";
			};
			name = Debug;
		};
		5A1455E4211F8B18000DE499 /* Release */ = {
			isa = XCBuildConfiguration;
			baseConfigurationReference = 5A2EB946F4D8D6C3E067B7F6 /* Pods-ChatRoom.release.xcconfig */;
			buildSettings = {
				ASSETCATALOG_COMPILER_APPICON_NAME = AppIcon;
				CODE_SIGN_STYLE = Automatic;
				DEVELOPMENT_TEAM = TN7DJ259AU;
				INFOPLIST_FILE = ChatRoom/Info.plist;
				LD_RUNPATH_SEARCH_PATHS = (
					"$(inherited)",
					"@executable_path/Frameworks",
				);
				PRODUCT_BUNDLE_IDENTIFIER = ermansahintatar.ChatRoom;
				PRODUCT_NAME = "$(TARGET_NAME)";
				SWIFT_VERSION = 4.0;
				TARGETED_DEVICE_FAMILY = "1,2";
			};
			name = Release;
		};
/* End XCBuildConfiguration section */

/* Begin XCConfigurationList section */
		5A1455CB211F8B16000DE499 /* Build configuration list for PBXProject "ChatRoom" */ = {
			isa = XCConfigurationList;
			buildConfigurations = (
				5A1455E0211F8B18000DE499 /* Debug */,
				5A1455E1211F8B18000DE499 /* Release */,
			);
			defaultConfigurationIsVisible = 0;
			defaultConfigurationName = Release;
		};
		5A1455E2211F8B18000DE499 /* Build configuration list for PBXNativeTarget "ChatRoom" */ = {
			isa = XCConfigurationList;
			buildConfigurations = (
				5A1455E3211F8B18000DE499 /* Debug */,
				5A1455E4211F8B18000DE499 /* Release */,
			);
			defaultConfigurationIsVisible = 0;
			defaultConfigurationName = Release;
		};
/* End XCConfigurationList section */
	};
	rootObject = 5A1455C8211F8B16000DE499 /* Project object */;
}
